// !$*UTF8*$!
{
	archiveVersion = 1;
	classes = {
	};
	objectVersion = 46;
	objects = {

/* Begin PBXBuildFile section */
		8A75D5591D585C4100D0F7FE /* AppDelegate.swift in Sources */ = {isa = PBXBuildFile; fileRef = 8A75D5581D585C4100D0F7FE /* AppDelegate.swift */; };
		8A75D55B1D585C4100D0F7FE /* ViewController.swift in Sources */ = {isa = PBXBuildFile; fileRef = 8A75D55A1D585C4100D0F7FE /* ViewController.swift */; };
		8A75D55E1D585C4100D0F7FE /* Main.storyboard in Resources */ = {isa = PBXBuildFile; fileRef = 8A75D55C1D585C4100D0F7FE /* Main.storyboard */; };
		8A75D5601D585C4100D0F7FE /* Assets.xcassets in Resources */ = {isa = PBXBuildFile; fileRef = 8A75D55F1D585C4100D0F7FE /* Assets.xcassets */; };
		8A75D5631D585C4100D0F7FE /* LaunchScreen.storyboard in Resources */ = {isa = PBXBuildFile; fileRef = 8A75D5611D585C4100D0F7FE /* LaunchScreen.storyboard */; };
		8A75D56E1D585C4100D0F7FE /* Animation_Week3Tests.swift in Sources */ = {isa = PBXBuildFile; fileRef = 8A75D56D1D585C4100D0F7FE /* Animation_Week3Tests.swift */; };
		8A75D5791D585C4100D0F7FE /* Animation_Week3UITests.swift in Sources */ = {isa = PBXBuildFile; fileRef = 8A75D5781D585C4100D0F7FE /* Animation_Week3UITests.swift */; };
		8A75D5871D585CE400D0F7FE /* UIView+Frame.swift in Sources */ = {isa = PBXBuildFile; fileRef = 8A75D5861D585CE400D0F7FE /* UIView+Frame.swift */; };
		8A75D5891D585E1900D0F7FE /* BubbleView.swift in Sources */ = {isa = PBXBuildFile; fileRef = 8A75D5881D585E1900D0F7FE /* BubbleView.swift */; };
/* End PBXBuildFile section */

/* Begin PBXContainerItemProxy section */
		8A75D56A1D585C4100D0F7FE /* PBXContainerItemProxy */ = {
			isa = PBXContainerItemProxy;
			containerPortal = 8A75D54D1D585C4100D0F7FE /* Project object */;
			proxyType = 1;
			remoteGlobalIDString = 8A75D5541D585C4100D0F7FE;
			remoteInfo = "Animation-Week3";
		};
		8A75D5751D585C4100D0F7FE /* PBXContainerItemProxy */ = {
			isa = PBXContainerItemProxy;
			containerPortal = 8A75D54D1D585C4100D0F7FE /* Project object */;
			proxyType = 1;
			remoteGlobalIDString = 8A75D5541D585C4100D0F7FE;
			remoteInfo = "Animation-Week3";
		};
/* End PBXContainerItemProxy section */

/* Begin PBXFileReference section */
		8A75D5551D585C4100D0F7FE /* Animation-Week3.app */ = {isa = PBXFileReference; explicitFileType = wrapper.application; includeInIndex = 0; path = "Animation-Week3.app"; sourceTree = BUILT_PRODUCTS_DIR; };
		8A75D5581D585C4100D0F7FE /* AppDelegate.swift */ = {isa = PBXFileReference; lastKnownFileType = sourcecode.swift; path = AppDelegate.swift; sourceTree = "<group>"; };
		8A75D55A1D585C4100D0F7FE /* ViewController.swift */ = {isa = PBXFileReference; lastKnownFileType = sourcecode.swift; path = ViewController.swift; sourceTree = "<group>"; };
		8A75D55D1D585C4100D0F7FE /* Base */ = {isa = PBXFileReference; lastKnownFileType = file.storyboard; name = Base; path = Base.lproj/Main.storyboard; sourceTree = "<group>"; };
		8A75D55F1D585C4100D0F7FE /* Assets.xcassets */ = {isa = PBXFileReference; lastKnownFileType = folder.assetcatalog; path = Assets.xcassets; sourceTree = "<group>"; };
		8A75D5621D585C4100D0F7FE /* Base */ = {isa = PBXFileReference; lastKnownFileType = file.storyboard; name = Base; path = Base.lproj/LaunchScreen.storyboard; sourceTree = "<group>"; };
		8A75D5641D585C4100D0F7FE /* Info.plist */ = {isa = PBXFileReference; lastKnownFileType = text.plist.xml; path = Info.plist; sourceTree = "<group>"; };
		8A75D5691D585C4100D0F7FE /* Animation-Week3Tests.xctest */ = {isa = PBXFileReference; explicitFileType = wrapper.cfbundle; includeInIndex = 0; path = "Animation-Week3Tests.xctest"; sourceTree = BUILT_PRODUCTS_DIR; };
		8A75D56D1D585C4100D0F7FE /* Animation_Week3Tests.swift */ = {isa = PBXFileReference; lastKnownFileType = sourcecode.swift; path = Animation_Week3Tests.swift; sourceTree = "<group>"; };
		8A75D56F1D585C4100D0F7FE /* Info.plist */ = {isa = PBXFileReference; lastKnownFileType = text.plist.xml; path = Info.plist; sourceTree = "<group>"; };
		8A75D5741D585C4100D0F7FE /* Animation-Week3UITests.xctest */ = {isa = PBXFileReference; explicitFileType = wrapper.cfbundle; includeInIndex = 0; path = "Animation-Week3UITests.xctest"; sourceTree = BUILT_PRODUCTS_DIR; };
		8A75D5781D585C4100D0F7FE /* Animation_Week3UITests.swift */ = {isa = PBXFileReference; lastKnownFileType = sourcecode.swift; path = Animation_Week3UITests.swift; sourceTree = "<group>"; };
		8A75D57A1D585C4100D0F7FE /* Info.plist */ = {isa = PBXFileReference; lastKnownFileType = text.plist.xml; path = Info.plist; sourceTree = "<group>"; };
		8A75D5861D585CE400D0F7FE /* UIView+Frame.swift */ = {isa = PBXFileReference; fileEncoding = 4; lastKnownFileType = sourcecode.swift; path = "UIView+Frame.swift"; sourceTree = "<group>"; };
		8A75D5881D585E1900D0F7FE /* BubbleView.swift */ = {isa = PBXFileReference; fileEncoding = 4; lastKnownFileType = sourcecode.swift; path = BubbleView.swift; sourceTree = "<group>"; };
/* End PBXFileReference section */

/* Begin PBXFrameworksBuildPhase section */
		8A75D5521D585C4100D0F7FE /* Frameworks */ = {
			isa = PBXFrameworksBuildPhase;
			buildActionMask = 2147483647;
			files = (
			);
			runOnlyForDeploymentPostprocessing = 0;
		};
		8A75D5661D585C4100D0F7FE /* Frameworks */ = {
			isa = PBXFrameworksBuildPhase;
			buildActionMask = 2147483647;
			files = (
			);
			runOnlyForDeploymentPostprocessing = 0;
		};
		8A75D5711D585C4100D0F7FE /* Frameworks */ = {
			isa = PBXFrameworksBuildPhase;
			buildActionMask = 2147483647;
			files = (
			);
			runOnlyForDeploymentPostprocessing = 0;
		};
/* End PBXFrameworksBuildPhase section */

/* Begin PBXGroup section */
		8A75D54C1D585C4100D0F7FE = {
			isa = PBXGroup;
			children = (
				8A75D5571D585C4100D0F7FE /* Animation-Week3 */,
				8A75D56C1D585C4100D0F7FE /* Animation-Week3Tests */,
				8A75D5771D585C4100D0F7FE /* Animation-Week3UITests */,
				8A75D5561D585C4100D0F7FE /* Products */,
			);
			sourceTree = "<group>";
		};
		8A75D5561D585C4100D0F7FE /* Products */ = {
			isa = PBXGroup;
			children = (
				8A75D5551D585C4100D0F7FE /* Animation-Week3.app */,
				8A75D5691D585C4100D0F7FE /* Animation-Week3Tests.xctest */,
				8A75D5741D585C4100D0F7FE /* Animation-Week3UITests.xctest */,
			);
			name = Products;
			sourceTree = "<group>";
		};
		8A75D5571D585C4100D0F7FE /* Animation-Week3 */ = {
			isa = PBXGroup;
			children = (
				8A75D5861D585CE400D0F7FE /* UIView+Frame.swift */,
				8A75D5581D585C4100D0F7FE /* AppDelegate.swift */,
				8A75D55A1D585C4100D0F7FE /* ViewController.swift */,
				8A75D5881D585E1900D0F7FE /* BubbleView.swift */,
				8A75D55C1D585C4100D0F7FE /* Main.storyboard */,
				8A75D55F1D585C4100D0F7FE /* Assets.xcassets */,
				8A75D5611D585C4100D0F7FE /* LaunchScreen.storyboard */,
				8A75D5641D585C4100D0F7FE /* Info.plist */,
			);
			path = "Animation-Week3";
			sourceTree = "<group>";
		};
		8A75D56C1D585C4100D0F7FE /* Animation-Week3Tests */ = {
			isa = PBXGroup;
			children = (
				8A75D56D1D585C4100D0F7FE /* Animation_Week3Tests.swift */,
				8A75D56F1D585C4100D0F7FE /* Info.plist */,
			);
			path = "Animation-Week3Tests";
			sourceTree = "<group>";
		};
		8A75D5771D585C4100D0F7FE /* Animation-Week3UITests */ = {
			isa = PBXGroup;
			children = (
				8A75D5781D585C4100D0F7FE /* Animation_Week3UITests.swift */,
				8A75D57A1D585C4100D0F7FE /* Info.plist */,
			);
			path = "Animation-Week3UITests";
			sourceTree = "<group>";
		};
/* End PBXGroup section */

/* Begin PBXNativeTarget section */
		8A75D5541D585C4100D0F7FE /* Animation-Week3 */ = {
			isa = PBXNativeTarget;
			buildConfigurationList = 8A75D57D1D585C4100D0F7FE /* Build configuration list for PBXNativeTarget "Animation-Week3" */;
			buildPhases = (
				8A75D5511D585C4100D0F7FE /* Sources */,
				8A75D5521D585C4100D0F7FE /* Frameworks */,
				8A75D5531D585C4100D0F7FE /* Resources */,
			);
			buildRules = (
			);
			dependencies = (
			);
			name = "Animation-Week3";
			productName = "Animation-Week3";
			productReference = 8A75D5551D585C4100D0F7FE /* Animation-Week3.app */;
			productType = "com.apple.product-type.application";
		};
		8A75D5681D585C4100D0F7FE /* Animation-Week3Tests */ = {
			isa = PBXNativeTarget;
			buildConfigurationList = 8A75D5801D585C4100D0F7FE /* Build configuration list for PBXNativeTarget "Animation-Week3Tests" */;
			buildPhases = (
				8A75D5651D585C4100D0F7FE /* Sources */,
				8A75D5661D585C4100D0F7FE /* Frameworks */,
				8A75D5671D585C4100D0F7FE /* Resources */,
			);
			buildRules = (
			);
			dependencies = (
				8A75D56B1D585C4100D0F7FE /* PBXTargetDependency */,
			);
			name = "Animation-Week3Tests";
			productName = "Animation-Week3Tests";
			productReference = 8A75D5691D585C4100D0F7FE /* Animation-Week3Tests.xctest */;
			productType = "com.apple.product-type.bundle.unit-test";
		};
		8A75D5731D585C4100D0F7FE /* Animation-Week3UITests */ = {
			isa = PBXNativeTarget;
			buildConfigurationList = 8A75D5831D585C4100D0F7FE /* Build configuration list for PBXNativeTarget "Animation-Week3UITests" */;
			buildPhases = (
				8A75D5701D585C4100D0F7FE /* Sources */,
				8A75D5711D585C4100D0F7FE /* Frameworks */,
				8A75D5721D585C4100D0F7FE /* Resources */,
			);
			buildRules = (
			);
			dependencies = (
				8A75D5761D585C4100D0F7FE /* PBXTargetDependency */,
			);
			name = "Animation-Week3UITests";
			productName = "Animation-Week3UITests";
			productReference = 8A75D5741D585C4100D0F7FE /* Animation-Week3UITests.xctest */;
			productType = "com.apple.product-type.bundle.ui-testing";
		};
/* End PBXNativeTarget section */

/* Begin PBXProject section */
		8A75D54D1D585C4100D0F7FE /* Project object */ = {
			isa = PBXProject;
			attributes = {
				LastSwiftUpdateCheck = 0730;
				LastUpgradeCheck = 0730;
				ORGANIZATIONNAME = LGM;
				TargetAttributes = {
					8A75D5541D585C4100D0F7FE = {
						CreatedOnToolsVersion = 7.3.1;
					};
					8A75D5681D585C4100D0F7FE = {
						CreatedOnToolsVersion = 7.3.1;
						TestTargetID = 8A75D5541D585C4100D0F7FE;
					};
					8A75D5731D585C4100D0F7FE = {
						CreatedOnToolsVersion = 7.3.1;
						TestTargetID = 8A75D5541D585C4100D0F7FE;
					};
				};
			};
			buildConfigurationList = 8A75D5501D585C4100D0F7FE /* Build configuration list for PBXProject "Animation-Week3" */;
			compatibilityVersion = "Xcode 3.2";
			developmentRegion = English;
			hasScannedForEncodings = 0;
			knownRegions = (
				en,
				Base,
			);
			mainGroup = 8A75D54C1D585C4100D0F7FE;
			productRefGroup = 8A75D5561D585C4100D0F7FE /* Products */;
			projectDirPath = "";
			projectRoot = "";
			targets = (
				8A75D5541D585C4100D0F7FE /* Animation-Week3 */,
				8A75D5681D585C4100D0F7FE /* Animation-Week3Tests */,
				8A75D5731D585C4100D0F7FE /* Animation-Week3UITests */,
			);
		};
/* End PBXProject section */

/* Begin PBXResourcesBuildPhase section */
		8A75D5531D585C4100D0F7FE /* Resources */ = {
			isa = PBXResourcesBuildPhase;
			buildActionMask = 2147483647;
			files = (
				8A75D5631D585C4100D0F7FE /* LaunchScreen.storyboard in Resources */,
				8A75D5601D585C4100D0F7FE /* Assets.xcassets in Resources */,
				8A75D55E1D585C4100D0F7FE /* Main.storyboard in Resources */,
			);
			runOnlyForDeploymentPostprocessing = 0;
		};
		8A75D5671D585C4100D0F7FE /* Resources */ = {
			isa = PBXResourcesBuildPhase;
			buildActionMask = 2147483647;
			files = (
			);
			runOnlyForDeploymentPostprocessing = 0;
		};
		8A75D5721D585C4100D0F7FE /* Resources */ = {
			isa = PBXResourcesBuildPhase;
			buildActionMask = 2147483647;
			files = (
			);
			runOnlyForDeploymentPostprocessing = 0;
		};
/* End PBXResourcesBuildPhase section */

/* Begin PBXSourcesBuildPhase section */
		8A75D5511D585C4100D0F7FE /* Sources */ = {
			isa = PBXSourcesBuildPhase;
			buildActionMask = 2147483647;
			files = (
				8A75D55B1D585C4100D0F7FE /* ViewController.swift in Sources */,
				8A75D5591D585C4100D0F7FE /* AppDelegate.swift in Sources */,
				8A75D5891D585E1900D0F7FE /* BubbleView.swift in Sources */,
				8A75D5871D585CE400D0F7FE /* UIView+Frame.swift in Sources */,
			);
			runOnlyForDeploymentPostprocessing = 0;
		};
		8A75D5651D585C4100D0F7FE /* Sources */ = {
			isa = PBXSourcesBuildPhase;
			buildActionMask = 2147483647;
			files = (
				8A75D56E1D585C4100D0F7FE /* Animation_Week3Tests.swift in Sources */,
			);
			runOnlyForDeploymentPostprocessing = 0;
		};
		8A75D5701D585C4100D0F7FE /* Sources */ = {
			isa = PBXSourcesBuildPhase;
			buildActionMask = 2147483647;
			files = (
				8A75D5791D585C4100D0F7FE /* Animation_Week3UITests.swift in Sources */,
			);
			runOnlyForDeploymentPostprocessing = 0;
		};
/* End PBXSourcesBuildPhase section */

/* Begin PBXTargetDependency section */
		8A75D56B1D585C4100D0F7FE /* PBXTargetDependency */ = {
			isa = PBXTargetDependency;
			target = 8A75D5541D585C4100D0F7FE /* Animation-Week3 */;
			targetProxy = 8A75D56A1D585C4100D0F7FE /* PBXContainerItemProxy */;
		};
		8A75D5761D585C4100D0F7FE /* PBXTargetDependency */ = {
			isa = PBXTargetDependency;
			target = 8A75D5541D585C4100D0F7FE /* Animation-Week3 */;
			targetProxy = 8A75D5751D585C4100D0F7FE /* PBXContainerItemProxy */;
		};
/* End PBXTargetDependency section */

/* Begin PBXVariantGroup section */
		8A75D55C1D585C4100D0F7FE /* Main.storyboard */ = {
			isa = PBXVariantGroup;
			children = (
				8A75D55D1D585C4100D0F7FE /* Base */,
			);
			name = Main.storyboard;
			sourceTree = "<group>";
		};
		8A75D5611D585C4100D0F7FE /* LaunchScreen.storyboard */ = {
			isa = PBXVariantGroup;
			children = (
				8A75D5621D585C4100D0F7FE /* Base */,
			);
			name = LaunchScreen.storyboard;
			sourceTree = "<group>";
		};
/* End PBXVariantGroup section */

/* Begin XCBuildConfiguration section */
		8A75D57B1D585C4100D0F7FE /* Debug */ = {
			isa = XCBuildConfiguration;
			buildSettings = {
				ALWAYS_SEARCH_USER_PATHS = NO;
				CLANG_ANALYZER_NONNULL = YES;
				CLANG_CXX_LANGUAGE_STANDARD = "gnu++0x";
				CLANG_CXX_LIBRARY = "libc++";
				CLANG_ENABLE_MODULES = YES;
				CLANG_ENABLE_OBJC_ARC = YES;
				CLANG_WARN_BOOL_CONVERSION = YES;
				CLANG_WARN_CONSTANT_CONVERSION = YES;
				CLANG_WARN_DIRECT_OBJC_ISA_USAGE = YES_ERROR;
				CLANG_WARN_EMPTY_BODY = YES;
				CLANG_WARN_ENUM_CONVERSION = YES;
				CLANG_WARN_INT_CONVERSION = YES;
				CLANG_WARN_OBJC_ROOT_CLASS = YES_ERROR;
				CLANG_WARN_UNREACHABLE_CODE = YES;
				CLANG_WARN__DUPLICATE_METHOD_MATCH = YES;
				"CODE_SIGN_IDENTITY[sdk=iphoneos*]" = "iPhone Developer";
				COPY_PHASE_STRIP = NO;
				DEBUG_INFORMATION_FORMAT = dwarf;
				ENABLE_STRICT_OBJC_MSGSEND = YES;
				ENABLE_TESTABILITY = YES;
				GCC_C_LANGUAGE_STANDARD = gnu99;
				GCC_DYNAMIC_NO_PIC = NO;
				GCC_NO_COMMON_BLOCKS = YES;
				GCC_OPTIMIZATION_LEVEL = 0;
				GCC_PREPROCESSOR_DEFINITIONS = (
					"DEBUG=1",
					"$(inherited)",
				);
				GCC_WARN_64_TO_32_BIT_CONVERSION = YES;
				GCC_WARN_ABOUT_RETURN_TYPE = YES_ERROR;
				GCC_WARN_UNDECLARED_SELECTOR = YES;
				GCC_WARN_UNINITIALIZED_AUTOS = YES_AGGRESSIVE;
				GCC_WARN_UNUSED_FUNCTION = YES;
				GCC_WARN_UNUSED_VARIABLE = YES;
				IPHONEOS_DEPLOYMENT_TARGET = 9.3;
				MTL_ENABLE_DEBUG_INFO = YES;
				ONLY_ACTIVE_ARCH = YES;
				SDKROOT = iphoneos;
				SWIFT_OPTIMIZATION_LEVEL = "-Onone";
				TARGETED_DEVICE_FAMILY = "1,2";
			};
			name = Debug;
		};
		8A75D57C1D585C4100D0F7FE /* Release */ = {
			isa = XCBuildConfiguration;
			buildSettings = {
				ALWAYS_SEARCH_USER_PATHS = NO;
				CLANG_ANALYZER_NONNULL = YES;
				CLANG_CXX_LANGUAGE_STANDARD = "gnu++0x";
				CLANG_CXX_LIBRARY = "libc++";
				CLANG_ENABLE_MODULES = YES;
				CLANG_ENABLE_OBJC_ARC = YES;
				CLANG_WARN_BOOL_CONVERSION = YES;
				CLANG_WARN_CONSTANT_CONVERSION = YES;
				CLANG_WARN_DIRECT_OBJC_ISA_USAGE = YES_ERROR;
				CLANG_WARN_EMPTY_BODY = YES;
				CLANG_WARN_ENUM_CONVERSION = YES;
				CLANG_WARN_INT_CONVERSION = YES;
				CLANG_WARN_OBJC_ROOT_CLASS = YES_ERROR;
				CLANG_WARN_UNREACHABLE_CODE = YES;
				CLANG_WARN__DUPLICATE_METHOD_MATCH = YES;
				"CODE_SIGN_IDENTITY[sdk=iphoneos*]" = "iPhone Developer";
				COPY_PHASE_STRIP = NO;
				DEBUG_INFORMATION_FORMAT = "dwarf-with-dsym";
				ENABLE_NS_ASSERTIONS = NO;
				ENABLE_STRICT_OBJC_MSGSEND = YES;
				GCC_C_LANGUAGE_STANDARD = gnu99;
				GCC_NO_COMMON_BLOCKS = YES;
				GCC_WARN_64_TO_32_BIT_CONVERSION = YES;
				GCC_WARN_ABOUT_RETURN_TYPE = YES_ERROR;
				GCC_WARN_UNDECLARED_SELECTOR = YES;
				GCC_WARN_UNINITIALIZED_AUTOS = YES_AGGRESSIVE;
				GCC_WARN_UNUSED_FUNCTION = YES;
				GCC_WARN_UNUSED_VARIABLE = YES;
				IPHONEOS_DEPLOYMENT_TARGET = 9.3;
				MTL_ENABLE_DEBUG_INFO = NO;
				SDKROOT = iphoneos;
				TARGETED_DEVICE_FAMILY = "1,2";
				VALIDATE_PRODUCT = YES;
			};
			name = Release;
		};
		8A75D57E1D585C4100D0F7FE /* Debug */ = {
			isa = XCBuildConfiguration;
			buildSettings = {
				ASSETCATALOG_COMPILER_APPICON_NAME = AppIcon;
				INFOPLIST_FILE = "Animation-Week3/Info.plist";
				LD_RUNPATH_SEARCH_PATHS = "$(inherited) @executable_path/Frameworks";
				PRODUCT_BUNDLE_IDENTIFIER = "com.LGM.Animation-Week3";
				PRODUCT_NAME = "$(TARGET_NAME)";
			};
			name = Debug;
		};
		8A75D57F1D585C4100D0F7FE /* Release */ = {
			isa = XCBuildConfiguration;
			buildSettings = {
				ASSETCATALOG_COMPILER_APPICON_NAME = AppIcon;
				INFOPLIST_FILE = "Animation-Week3/Info.plist";
				LD_RUNPATH_SEARCH_PATHS = "$(inherited) @executable_path/Frameworks";
				PRODUCT_BUNDLE_IDENTIFIER = "com.LGM.Animation-Week3";
				PRODUCT_NAME = "$(TARGET_NAME)";
			};
			name = Release;
		};
		8A75D5811D585C4100D0F7FE /* Debug */ = {
			isa = XCBuildConfiguration;
			buildSettings = {
				BUNDLE_LOADER = "$(TEST_HOST)";
				INFOPLIST_FILE = "Animation-Week3Tests/Info.plist";
				LD_RUNPATH_SEARCH_PATHS = "$(inherited) @executable_path/Frameworks @loader_path/Frameworks";
				PRODUCT_BUNDLE_IDENTIFIER = "com.LGM.Animation-Week3Tests";
				PRODUCT_NAME = "$(TARGET_NAME)";
				TEST_HOST = "$(BUILT_PRODUCTS_DIR)/Animation-Week3.app/Animation-Week3";
			};
			name = Debug;
		};
		8A75D5821D585C4100D0F7FE /* Release */ = {
			isa = XCBuildConfiguration;
			buildSettings = {
				BUNDLE_LOADER = "$(TEST_HOST)";
				INFOPLIST_FILE = "Animation-Week3Tests/Info.plist";
				LD_RUNPATH_SEARCH_PATHS = "$(inherited) @executable_path/Frameworks @loader_path/Frameworks";
				PRODUCT_BUNDLE_IDENTIFIER = "com.LGM.Animation-Week3Tests";
				PRODUCT_NAME = "$(TARGET_NAME)";
				TEST_HOST = "$(BUILT_PRODUCTS_DIR)/Animation-Week3.app/Animation-Week3";
			};
			name = Release;
		};
		8A75D5841D585C4100D0F7FE /* Debug */ = {
			isa = XCBuildConfiguration;
			buildSettings = {
				INFOPLIST_FILE = "Animation-Week3UITests/Info.plist";
				LD_RUNPATH_SEARCH_PATHS = "$(inherited) @executable_path/Frameworks @loader_path/Frameworks";
				PRODUCT_BUNDLE_IDENTIFIER = "com.LGM.Animation-Week3UITests";
				PRODUCT_NAME = "$(TARGET_NAME)";
				TEST_TARGET_NAME = "Animation-Week3";
			};
			name = Debug;
		};
		8A75D5851D585C4100D0F7FE /* Release */ = {
			isa = XCBuildConfiguration;
			buildSettings = {
				INFOPLIST_FILE = "Animation-Week3UITests/Info.plist";
				LD_RUNPATH_SEARCH_PATHS = "$(inherited) @executable_path/Frameworks @loader_path/Frameworks";
				PRODUCT_BUNDLE_IDENTIFIER = "com.LGM.Animation-Week3UITests";
				PRODUCT_NAME = "$(TARGET_NAME)";
				TEST_TARGET_NAME = "Animation-Week3";
			};
			name = Release;
		};
/* End XCBuildConfiguration section */

/* Begin XCConfigurationList section */
		8A75D5501D585C4100D0F7FE /* Build configuration list for PBXProject "Animation-Week3" */ = {
			isa = XCConfigurationList;
			buildConfigurations = (
				8A75D57B1D585C4100D0F7FE /* Debug */,
				8A75D57C1D585C4100D0F7FE /* Release */,
			);
			defaultConfigurationIsVisible = 0;
			defaultConfigurationName = Release;
		};
		8A75D57D1D585C4100D0F7FE /* Build configuration list for PBXNativeTarget "Animation-Week3" */ = {
			isa = XCConfigurationList;
			buildConfigurations = (
				8A75D57E1D585C4100D0F7FE /* Debug */,
				8A75D57F1D585C4100D0F7FE /* Release */,
			);
			defaultConfigurationIsVisible = 0;
		};
		8A75D5801D585C4100D0F7FE /* Build configuration list for PBXNativeTarget "Animation-Week3Tests" */ = {
			isa = XCConfigurationList;
			buildConfigurations = (
				8A75D5811D585C4100D0F7FE /* Debug */,
				8A75D5821D585C4100D0F7FE /* Release */,
			);
			defaultConfigurationIsVisible = 0;
		};
		8A75D5831D585C4100D0F7FE /* Build configuration list for PBXNativeTarget "Animation-Week3UITests" */ = {
			isa = XCConfigurationList;
			buildConfigurations = (
				8A75D5841D585C4100D0F7FE /* Debug */,
				8A75D5851D585C4100D0F7FE /* Release */,
			);
			defaultConfigurationIsVisible = 0;
		};
/* End XCConfigurationList section */
	};
	rootObject = 8A75D54D1D585C4100D0F7FE /* Project object */;
}
